// !$*UTF8*$!
{
	archiveVersion = 1;
	classes = {
	};
	objectVersion = 56;
	objects = {

/* Begin PBXBuildFile section */
		D092956429F4065F00D1DFFC /* AppDelegate.swift in Sources */ = {isa = PBXBuildFile; fileRef = D092956329F4065F00D1DFFC /* AppDelegate.swift */; };
		D092956629F4065F00D1DFFC /* SceneDelegate.swift in Sources */ = {isa = PBXBuildFile; fileRef = D092956529F4065F00D1DFFC /* SceneDelegate.swift */; };
		D092956829F4065F00D1DFFC /* ViewController.swift in Sources */ = {isa = PBXBuildFile; fileRef = D092956729F4065F00D1DFFC /* ViewController.swift */; };
		D092956B29F4065F00D1DFFC /* Main.storyboard in Resources */ = {isa = PBXBuildFile; fileRef = D092956929F4065F00D1DFFC /* Main.storyboard */; };
		D092956D29F4066100D1DFFC /* Assets.xcassets in Resources */ = {isa = PBXBuildFile; fileRef = D092956C29F4066100D1DFFC /* Assets.xcassets */; };
		D092957029F4066100D1DFFC /* LaunchScreen.storyboard in Resources */ = {isa = PBXBuildFile; fileRef = D092956E29F4066100D1DFFC /* LaunchScreen.storyboard */; };
		D092957B29F4066100D1DFFC /* BMIWithUIKitTests.swift in Sources */ = {isa = PBXBuildFile; fileRef = D092957A29F4066100D1DFFC /* BMIWithUIKitTests.swift */; };
		D092958529F4066100D1DFFC /* BMIWithUIKitUITests.swift in Sources */ = {isa = PBXBuildFile; fileRef = D092958429F4066100D1DFFC /* BMIWithUIKitUITests.swift */; };
		D092958729F4066100D1DFFC /* BMIWithUIKitUITestsLaunchTests.swift in Sources */ = {isa = PBXBuildFile; fileRef = D092958629F4066100D1DFFC /* BMIWithUIKitUITestsLaunchTests.swift */; };
/* End PBXBuildFile section */

/* Begin PBXContainerItemProxy section */
		D092957729F4066100D1DFFC /* PBXContainerItemProxy */ = {
			isa = PBXContainerItemProxy;
			containerPortal = D092955829F4065F00D1DFFC /* Project object */;
			proxyType = 1;
			remoteGlobalIDString = D092955F29F4065F00D1DFFC;
			remoteInfo = BMIWithUIKit;
		};
		D092958129F4066100D1DFFC /* PBXContainerItemProxy */ = {
			isa = PBXContainerItemProxy;
			containerPortal = D092955829F4065F00D1DFFC /* Project object */;
			proxyType = 1;
			remoteGlobalIDString = D092955F29F4065F00D1DFFC;
			remoteInfo = BMIWithUIKit;
		};
/* End PBXContainerItemProxy section */

/* Begin PBXFileReference section */
		D092956029F4065F00D1DFFC /* BMIWithUIKit.app */ = {isa = PBXFileReference; explicitFileType = wrapper.application; includeInIndex = 0; path = BMIWithUIKit.app; sourceTree = BUILT_PRODUCTS_DIR; };
		D092956329F4065F00D1DFFC /* AppDelegate.swift */ = {isa = PBXFileReference; lastKnownFileType = sourcecode.swift; path = AppDelegate.swift; sourceTree = "<group>"; };
		D092956529F4065F00D1DFFC /* SceneDelegate.swift */ = {isa = PBXFileReference; lastKnownFileType = sourcecode.swift; path = SceneDelegate.swift; sourceTree = "<group>"; };
		D092956729F4065F00D1DFFC /* ViewController.swift */ = {isa = PBXFileReference; lastKnownFileType = sourcecode.swift; path = ViewController.swift; sourceTree = "<group>"; };
		D092956A29F4065F00D1DFFC /* Base */ = {isa = PBXFileReference; lastKnownFileType = file.storyboard; name = Base; path = Base.lproj/Main.storyboard; sourceTree = "<group>"; };
		D092956C29F4066100D1DFFC /* Assets.xcassets */ = {isa = PBXFileReference; lastKnownFileType = folder.assetcatalog; path = Assets.xcassets; sourceTree = "<group>"; };
		D092956F29F4066100D1DFFC /* Base */ = {isa = PBXFileReference; lastKnownFileType = file.storyboard; name = Base; path = Base.lproj/LaunchScreen.storyboard; sourceTree = "<group>"; };
		D092957129F4066100D1DFFC /* Info.plist */ = {isa = PBXFileReference; lastKnownFileType = text.plist.xml; path = Info.plist; sourceTree = "<group>"; };
		D092957629F4066100D1DFFC /* BMIWithUIKitTests.xctest */ = {isa = PBXFileReference; explicitFileType = wrapper.cfbundle; includeInIndex = 0; path = BMIWithUIKitTests.xctest; sourceTree = BUILT_PRODUCTS_DIR; };
		D092957A29F4066100D1DFFC /* BMIWithUIKitTests.swift */ = {isa = PBXFileReference; lastKnownFileType = sourcecode.swift; path = BMIWithUIKitTests.swift; sourceTree = "<group>"; };
		D092958029F4066100D1DFFC /* BMIWithUIKitUITests.xctest */ = {isa = PBXFileReference; explicitFileType = wrapper.cfbundle; includeInIndex = 0; path = BMIWithUIKitUITests.xctest; sourceTree = BUILT_PRODUCTS_DIR; };
		D092958429F4066100D1DFFC /* BMIWithUIKitUITests.swift */ = {isa = PBXFileReference; lastKnownFileType = sourcecode.swift; path = BMIWithUIKitUITests.swift; sourceTree = "<group>"; };
		D092958629F4066100D1DFFC /* BMIWithUIKitUITestsLaunchTests.swift */ = {isa = PBXFileReference; lastKnownFileType = sourcecode.swift; path = BMIWithUIKitUITestsLaunchTests.swift; sourceTree = "<group>"; };
/* End PBXFileReference section */

/* Begin PBXFrameworksBuildPhase section */
		D092955D29F4065F00D1DFFC /* Frameworks */ = {
			isa = PBXFrameworksBuildPhase;
			buildActionMask = 2147483647;
			files = (
			);
			runOnlyForDeploymentPostprocessing = 0;
		};
		D092957329F4066100D1DFFC /* Frameworks */ = {
			isa = PBXFrameworksBuildPhase;
			buildActionMask = 2147483647;
			files = (
			);
			runOnlyForDeploymentPostprocessing = 0;
		};
		D092957D29F4066100D1DFFC /* Frameworks */ = {
			isa = PBXFrameworksBuildPhase;
			buildActionMask = 2147483647;
			files = (
			);
			runOnlyForDeploymentPostprocessing = 0;
		};
/* End PBXFrameworksBuildPhase section */

/* Begin PBXGroup section */
		D092955729F4065F00D1DFFC = {
			isa = PBXGroup;
			children = (
				D092956229F4065F00D1DFFC /* BMIWithUIKit */,
				D092957929F4066100D1DFFC /* BMIWithUIKitTests */,
				D092958329F4066100D1DFFC /* BMIWithUIKitUITests */,
				D092956129F4065F00D1DFFC /* Products */,
			);
			sourceTree = "<group>";
		};
		D092956129F4065F00D1DFFC /* Products */ = {
			isa = PBXGroup;
			children = (
				D092956029F4065F00D1DFFC /* BMIWithUIKit.app */,
				D092957629F4066100D1DFFC /* BMIWithUIKitTests.xctest */,
				D092958029F4066100D1DFFC /* BMIWithUIKitUITests.xctest */,
			);
			name = Products;
			sourceTree = "<group>";
		};
		D092956229F4065F00D1DFFC /* BMIWithUIKit */ = {
			isa = PBXGroup;
			children = (
				D092956329F4065F00D1DFFC /* AppDelegate.swift */,
				D092956529F4065F00D1DFFC /* SceneDelegate.swift */,
				D092956729F4065F00D1DFFC /* ViewController.swift */,
				D092956929F4065F00D1DFFC /* Main.storyboard */,
				D092956C29F4066100D1DFFC /* Assets.xcassets */,
				D092956E29F4066100D1DFFC /* LaunchScreen.storyboard */,
				D092957129F4066100D1DFFC /* Info.plist */,
			);
			path = BMIWithUIKit;
			sourceTree = "<group>";
		};
		D092957929F4066100D1DFFC /* BMIWithUIKitTests */ = {
			isa = PBXGroup;
			children = (
				D092957A29F4066100D1DFFC /* BMIWithUIKitTests.swift */,
			);
			path = BMIWithUIKitTests;
			sourceTree = "<group>";
		};
		D092958329F4066100D1DFFC /* BMIWithUIKitUITests */ = {
			isa = PBXGroup;
			children = (
				D092958429F4066100D1DFFC /* BMIWithUIKitUITests.swift */,
				D092958629F4066100D1DFFC /* BMIWithUIKitUITestsLaunchTests.swift */,
			);
			path = BMIWithUIKitUITests;
			sourceTree = "<group>";
		};
/* End PBXGroup section */

/* Begin PBXNativeTarget section */
		D092955F29F4065F00D1DFFC /* BMIWithUIKit */ = {
			isa = PBXNativeTarget;
			buildConfigurationList = D092958A29F4066100D1DFFC /* Build configuration list for PBXNativeTarget "BMIWithUIKit" */;
			buildPhases = (
				D092955C29F4065F00D1DFFC /* Sources */,
				D092955D29F4065F00D1DFFC /* Frameworks */,
				D092955E29F4065F00D1DFFC /* Resources */,
			);
			buildRules = (
			);
			dependencies = (
			);
			name = BMIWithUIKit;
			productName = BMIWithUIKit;
			productReference = D092956029F4065F00D1DFFC /* BMIWithUIKit.app */;
			productType = "com.apple.product-type.application";
		};
		D092957529F4066100D1DFFC /* BMIWithUIKitTests */ = {
			isa = PBXNativeTarget;
			buildConfigurationList = D092958D29F4066100D1DFFC /* Build configuration list for PBXNativeTarget "BMIWithUIKitTests" */;
			buildPhases = (
				D092957229F4066100D1DFFC /* Sources */,
				D092957329F4066100D1DFFC /* Frameworks */,
				D092957429F4066100D1DFFC /* Resources */,
			);
			buildRules = (
			);
			dependencies = (
				D092957829F4066100D1DFFC /* PBXTargetDependency */,
			);
			name = BMIWithUIKitTests;
			productName = BMIWithUIKitTests;
			productReference = D092957629F4066100D1DFFC /* BMIWithUIKitTests.xctest */;
			productType = "com.apple.product-type.bundle.unit-test";
		};
		D092957F29F4066100D1DFFC /* BMIWithUIKitUITests */ = {
			isa = PBXNativeTarget;
			buildConfigurationList = D092959029F4066100D1DFFC /* Build configuration list for PBXNativeTarget "BMIWithUIKitUITests" */;
			buildPhases = (
				D092957C29F4066100D1DFFC /* Sources */,
				D092957D29F4066100D1DFFC /* Frameworks */,
				D092957E29F4066100D1DFFC /* Resources */,
			);
			buildRules = (
			);
			dependencies = (
				D092958229F4066100D1DFFC /* PBXTargetDependency */,
			);
			name = BMIWithUIKitUITests;
			productName = BMIWithUIKitUITests;
			productReference = D092958029F4066100D1DFFC /* BMIWithUIKitUITests.xctest */;
			productType = "com.apple.product-type.bundle.ui-testing";
		};
/* End PBXNativeTarget section */

/* Begin PBXProject section */
		D092955829F4065F00D1DFFC /* Project object */ = {
			isa = PBXProject;
			attributes = {
				BuildIndependentTargetsInParallel = 1;
				LastSwiftUpdateCheck = 1420;
				LastUpgradeCheck = 1420;
				TargetAttributes = {
					D092955F29F4065F00D1DFFC = {
						CreatedOnToolsVersion = 14.2;
					};
					D092957529F4066100D1DFFC = {
						CreatedOnToolsVersion = 14.2;
						TestTargetID = D092955F29F4065F00D1DFFC;
					};
					D092957F29F4066100D1DFFC = {
						CreatedOnToolsVersion = 14.2;
						TestTargetID = D092955F29F4065F00D1DFFC;
					};
				};
			};
			buildConfigurationList = D092955B29F4065F00D1DFFC /* Build configuration list for PBXProject "BMIWithUIKit" */;
			compatibilityVersion = "Xcode 14.0";
			developmentRegion = en;
			hasScannedForEncodings = 0;
			knownRegions = (
				en,
				Base,
			);
			mainGroup = D092955729F4065F00D1DFFC;
			productRefGroup = D092956129F4065F00D1DFFC /* Products */;
			projectDirPath = "";
			projectRoot = "";
			targets = (
				D092955F29F4065F00D1DFFC /* BMIWithUIKit */,
				D092957529F4066100D1DFFC /* BMIWithUIKitTests */,
				D092957F29F4066100D1DFFC /* BMIWithUIKitUITests */,
			);
		};
/* End PBXProject section */

/* Begin PBXResourcesBuildPhase section */
		D092955E29F4065F00D1DFFC /* Resources */ = {
			isa = PBXResourcesBuildPhase;
			buildActionMask = 2147483647;
			files = (
				D092957029F4066100D1DFFC /* LaunchScreen.storyboard in Resources */,
				D092956D29F4066100D1DFFC /* Assets.xcassets in Resources */,
				D092956B29F4065F00D1DFFC /* Main.storyboard in Resources */,
			);
			runOnlyForDeploymentPostprocessing = 0;
		};
		D092957429F4066100D1DFFC /* Resources */ = {
			isa = PBXResourcesBuildPhase;
			buildActionMask = 2147483647;
			files = (
			);
			runOnlyForDeploymentPostprocessing = 0;
		};
		D092957E29F4066100D1DFFC /* Resources */ = {
			isa = PBXResourcesBuildPhase;
			buildActionMask = 2147483647;
			files = (
			);
			runOnlyForDeploymentPostprocessing = 0;
		};
/* End PBXResourcesBuildPhase section */

/* Begin PBXSourcesBuildPhase section */
		D092955C29F4065F00D1DFFC /* Sources */ = {
			isa = PBXSourcesBuildPhase;
			buildActionMask = 2147483647;
			files = (
				D092956829F4065F00D1DFFC /* ViewController.swift in Sources */,
				D092956429F4065F00D1DFFC /* AppDelegate.swift in Sources */,
				D092956629F4065F00D1DFFC /* SceneDelegate.swift in Sources */,
			);
			runOnlyForDeploymentPostprocessing = 0;
		};
		D092957229F4066100D1DFFC /* Sources */ = {
			isa = PBXSourcesBuildPhase;
			buildActionMask = 2147483647;
			files = (
				D092957B29F4066100D1DFFC /* BMIWithUIKitTests.swift in Sources */,
			);
			runOnlyForDeploymentPostprocessing = 0;
		};
		D092957C29F4066100D1DFFC /* Sources */ = {
			isa = PBXSourcesBuildPhase;
			buildActionMask = 2147483647;
			files = (
				D092958729F4066100D1DFFC /* BMIWithUIKitUITestsLaunchTests.swift in Sources */,
				D092958529F4066100D1DFFC /* BMIWithUIKitUITests.swift in Sources */,
			);
			runOnlyForDeploymentPostprocessing = 0;
		};
/* End PBXSourcesBuildPhase section */

/* Begin PBXTargetDependency section */
		D092957829F4066100D1DFFC /* PBXTargetDependency */ = {
			isa = PBXTargetDependency;
			target = D092955F29F4065F00D1DFFC /* BMIWithUIKit */;
			targetProxy = D092957729F4066100D1DFFC /* PBXContainerItemProxy */;
		};
		D092958229F4066100D1DFFC /* PBXTargetDependency */ = {
			isa = PBXTargetDependency;
			target = D092955F29F4065F00D1DFFC /* BMIWithUIKit */;
			targetProxy = D092958129F4066100D1DFFC /* PBXContainerItemProxy */;
		};
/* End PBXTargetDependency section */

/* Begin PBXVariantGroup section */
		D092956929F4065F00D1DFFC /* Main.storyboard */ = {
			isa = PBXVariantGroup;
			children = (
				D092956A29F4065F00D1DFFC /* Base */,
			);
			name = Main.storyboard;
			sourceTree = "<group>";
		};
		D092956E29F4066100D1DFFC /* LaunchScreen.storyboard */ = {
			isa = PBXVariantGroup;
			children = (
				D092956F29F4066100D1DFFC /* Base */,
			);
			name = LaunchScreen.storyboard;
			sourceTree = "<group>";
		};
/* End PBXVariantGroup section */

/* Begin XCBuildConfiguration section */
		D092958829F4066100D1DFFC /* Debug */ = {
			isa = XCBuildConfiguration;
			buildSettings = {
				ALWAYS_SEARCH_USER_PATHS = NO;
				CLANG_ANALYZER_NONNULL = YES;
				CLANG_ANALYZER_NUMBER_OBJECT_CONVERSION = YES_AGGRESSIVE;
				CLANG_CXX_LANGUAGE_STANDARD = "gnu++20";
				CLANG_ENABLE_MODULES = YES;
				CLANG_ENABLE_OBJC_ARC = YES;
				CLANG_ENABLE_OBJC_WEAK = YES;
				CLANG_WARN_BLOCK_CAPTURE_AUTORELEASING = YES;
				CLANG_WARN_BOOL_CONVERSION = YES;
				CLANG_WARN_COMMA = YES;
				CLANG_WARN_CONSTANT_CONVERSION = YES;
				CLANG_WARN_DEPRECATED_OBJC_IMPLEMENTATIONS = YES;
				CLANG_WARN_DIRECT_OBJC_ISA_USAGE = YES_ERROR;
				CLANG_WARN_DOCUMENTATION_COMMENTS = YES;
				CLANG_WARN_EMPTY_BODY = YES;
				CLANG_WARN_ENUM_CONVERSION = YES;
				CLANG_WARN_INFINITE_RECURSION = YES;
				CLANG_WARN_INT_CONVERSION = YES;
				CLANG_WARN_NON_LITERAL_NULL_CONVERSION = YES;
				CLANG_WARN_OBJC_IMPLICIT_RETAIN_SELF = YES;
				CLANG_WARN_OBJC_LITERAL_CONVERSION = YES;
				CLANG_WARN_OBJC_ROOT_CLASS = YES_ERROR;
				CLANG_WARN_QUOTED_INCLUDE_IN_FRAMEWORK_HEADER = YES;
				CLANG_WARN_RANGE_LOOP_ANALYSIS = YES;
				CLANG_WARN_STRICT_PROTOTYPES = YES;
				CLANG_WARN_SUSPICIOUS_MOVE = YES;
				CLANG_WARN_UNGUARDED_AVAILABILITY = YES_AGGRESSIVE;
				CLANG_WARN_UNREACHABLE_CODE = YES;
				CLANG_WARN__DUPLICATE_METHOD_MATCH = YES;
				COPY_PHASE_STRIP = NO;
				DEBUG_INFORMATION_FORMAT = dwarf;
				ENABLE_STRICT_OBJC_MSGSEND = YES;
				ENABLE_TESTABILITY = YES;
				GCC_C_LANGUAGE_STANDARD = gnu11;
				GCC_DYNAMIC_NO_PIC = NO;
				GCC_NO_COMMON_BLOCKS = YES;
				GCC_OPTIMIZATION_LEVEL = 0;
				GCC_PREPROCESSOR_DEFINITIONS = (
					"DEBUG=1",
					"$(inherited)",
				);
				GCC_WARN_64_TO_32_BIT_CONVERSION = YES;
				GCC_WARN_ABOUT_RETURN_TYPE = YES_ERROR;
				GCC_WARN_UNDECLARED_SELECTOR = YES;
				GCC_WARN_UNINITIALIZED_AUTOS = YES_AGGRESSIVE;
				GCC_WARN_UNUSED_FUNCTION = YES;
				GCC_WARN_UNUSED_VARIABLE = YES;
				IPHONEOS_DEPLOYMENT_TARGET = 16.2;
				MTL_ENABLE_DEBUG_INFO = INCLUDE_SOURCE;
				MTL_FAST_MATH = YES;
				ONLY_ACTIVE_ARCH = YES;
				SDKROOT = iphoneos;
				SWIFT_ACTIVE_COMPILATION_CONDITIONS = DEBUG;
				SWIFT_OPTIMIZATION_LEVEL = "-Onone";
			};
			name = Debug;
		};
		D092958929F4066100D1DFFC /* Release */ = {
			isa = XCBuildConfiguration;
			buildSettings = {
				ALWAYS_SEARCH_USER_PATHS = NO;
				CLANG_ANALYZER_NONNULL = YES;
				CLANG_ANALYZER_NUMBER_OBJECT_CONVERSION = YES_AGGRESSIVE;
				CLANG_CXX_LANGUAGE_STANDARD = "gnu++20";
				CLANG_ENABLE_MODULES = YES;
				CLANG_ENABLE_OBJC_ARC = YES;
				CLANG_ENABLE_OBJC_WEAK = YES;
				CLANG_WARN_BLOCK_CAPTURE_AUTORELEASING = YES;
				CLANG_WARN_BOOL_CONVERSION = YES;
				CLANG_WARN_COMMA = YES;
				CLANG_WARN_CONSTANT_CONVERSION = YES;
				CLANG_WARN_DEPRECATED_OBJC_IMPLEMENTATIONS = YES;
				CLANG_WARN_DIRECT_OBJC_ISA_USAGE = YES_ERROR;
				CLANG_WARN_DOCUMENTATION_COMMENTS = YES;
				CLANG_WARN_EMPTY_BODY = YES;
				CLANG_WARN_ENUM_CONVERSION = YES;
				CLANG_WARN_INFINITE_RECURSION = YES;
				CLANG_WARN_INT_CONVERSION = YES;
				CLANG_WARN_NON_LITERAL_NULL_CONVERSION = YES;
				CLANG_WARN_OBJC_IMPLICIT_RETAIN_SELF = YES;
				CLANG_WARN_OBJC_LITERAL_CONVERSION = YES;
				CLANG_WARN_OBJC_ROOT_CLASS = YES_ERROR;
				CLANG_WARN_QUOTED_INCLUDE_IN_FRAMEWORK_HEADER = YES;
				CLANG_WARN_RANGE_LOOP_ANALYSIS = YES;
				CLANG_WARN_STRICT_PROTOTYPES = YES;
				CLANG_WARN_SUSPICIOUS_MOVE = YES;
				CLANG_WARN_UNGUARDED_AVAILABILITY = YES_AGGRESSIVE;
				CLANG_WARN_UNREACHABLE_CODE = YES;
				CLANG_WARN__DUPLICATE_METHOD_MATCH = YES;
				COPY_PHASE_STRIP = NO;
				DEBUG_INFORMATION_FORMAT = "dwarf-with-dsym";
				ENABLE_NS_ASSERTIONS = NO;
				ENABLE_STRICT_OBJC_MSGSEND = YES;
				GCC_C_LANGUAGE_STANDARD = gnu11;
				GCC_NO_COMMON_BLOCKS = YES;
				GCC_WARN_64_TO_32_BIT_CONVERSION = YES;
				GCC_WARN_ABOUT_RETURN_TYPE = YES_ERROR;
				GCC_WARN_UNDECLARED_SELECTOR = YES;
				GCC_WARN_UNINITIALIZED_AUTOS = YES_AGGRESSIVE;
				GCC_WARN_UNUSED_FUNCTION = YES;
				GCC_WARN_UNUSED_VARIABLE = YES;
				IPHONEOS_DEPLOYMENT_TARGET = 16.2;
				MTL_ENABLE_DEBUG_INFO = NO;
				MTL_FAST_MATH = YES;
				SDKROOT = iphoneos;
				SWIFT_COMPILATION_MODE = wholemodule;
				SWIFT_OPTIMIZATION_LEVEL = "-O";
				VALIDATE_PRODUCT = YES;
			};
			name = Release;
		};
		D092958B29F4066100D1DFFC /* Debug */ = {
			isa = XCBuildConfiguration;
			buildSettings = {
				ASSETCATALOG_COMPILER_APPICON_NAME = AppIcon;
				ASSETCATALOG_COMPILER_GLOBAL_ACCENT_COLOR_NAME = AccentColor;
				CODE_SIGN_STYLE = Automatic;
				CURRENT_PROJECT_VERSION = 1;
				GENERATE_INFOPLIST_FILE = YES;
				INFOPLIST_FILE = BMIWithUIKit/Info.plist;
				INFOPLIST_KEY_UIApplicationSupportsIndirectInputEvents = YES;
				INFOPLIST_KEY_UILaunchStoryboardName = LaunchScreen;
				INFOPLIST_KEY_UIMainStoryboardFile = Main;
				INFOPLIST_KEY_UISupportedInterfaceOrientations_iPad = "UIInterfaceOrientationPortrait UIInterfaceOrientationPortraitUpsideDown UIInterfaceOrientationLandscapeLeft UIInterfaceOrientationLandscapeRight";
				INFOPLIST_KEY_UISupportedInterfaceOrientations_iPhone = "UIInterfaceOrientationPortrait UIInterfaceOrientationLandscapeLeft UIInterfaceOrientationLandscapeRight";
				LD_RUNPATH_SEARCH_PATHS = (
					"$(inherited)",
					"@executable_path/Frameworks",
				);
				MARKETING_VERSION = 1.0;
				PRODUCT_BUNDLE_IDENTIFIER = com.leoho.gdsc.bmi.uikit.swift;
				PRODUCT_NAME = "$(TARGET_NAME)";
				SWIFT_EMIT_LOC_STRINGS = YES;
				SWIFT_VERSION = 5.0;
				TARGETED_DEVICE_FAMILY = "1,2";
			};
			name = Debug;
		};
		D092958C29F4066100D1DFFC /* Release */ = {
			isa = XCBuildConfiguration;
			buildSettings = {
				ASSETCATALOG_COMPILER_APPICON_NAME = AppIcon;
				ASSETCATALOG_COMPILER_GLOBAL_ACCENT_COLOR_NAME = AccentColor;
				CODE_SIGN_STYLE = Automatic;
				CURRENT_PROJECT_VERSION = 1;
				GENERATE_INFOPLIST_FILE = YES;
				INFOPLIST_FILE = BMIWithUIKit/Info.plist;
				INFOPLIST_KEY_UIApplicationSupportsIndirectInputEvents = YES;
				INFOPLIST_KEY_UILaunchStoryboardName = LaunchScreen;
				INFOPLIST_KEY_UIMainStoryboardFile = Main;
				INFOPLIST_KEY_UISupportedInterfaceOrientations_iPad = "UIInterfaceOrientationPortrait UIInterfaceOrientationPortraitUpsideDown UIInterfaceOrientationLandscapeLeft UIInterfaceOrientationLandscapeRight";
				INFOPLIST_KEY_UISupportedInterfaceOrientations_iPhone = "UIInterfaceOrientationPortrait UIInterfaceOrientationLandscapeLeft UIInterfaceOrientationLandscapeRight";
				LD_RUNPATH_SEARCH_PATHS = (
					"$(inherited)",
					"@executable_path/Frameworks",
				);
				MARKETING_VERSION = 1.0;
				PRODUCT_BUNDLE_IDENTIFIER = com.leoho.gdsc.bmi.uikit.swift;
				PRODUCT_NAME = "$(TARGET_NAME)";
				SWIFT_EMIT_LOC_STRINGS = YES;
				SWIFT_VERSION = 5.0;
				TARGETED_DEVICE_FAMILY = "1,2";
			};
			name = Release;
		};
		D092958E29F4066100D1DFFC /* Debug */ = {
			isa = XCBuildConfiguration;
			buildSettings = {
				ALWAYS_EMBED_SWIFT_STANDARD_LIBRARIES = YES;
				BUNDLE_LOADER = "$(TEST_HOST)";
				CODE_SIGN_STYLE = Automatic;
				CURRENT_PROJECT_VERSION = 1;
				GENERATE_INFOPLIST_FILE = YES;
				IPHONEOS_DEPLOYMENT_TARGET = 16.2;
				MARKETING_VERSION = 1.0;
				PRODUCT_BUNDLE_IDENTIFIER = com.leoho.gdsc.BMIWithUIKitTests;
				PRODUCT_NAME = "$(TARGET_NAME)";
				SWIFT_EMIT_LOC_STRINGS = NO;
				SWIFT_VERSION = 5.0;
				TARGETED_DEVICE_FAMILY = "1,2";
				TEST_HOST = "$(BUILT_PRODUCTS_DIR)/BMIWithUIKit.app/$(BUNDLE_EXECUTABLE_FOLDER_PATH)/BMIWithUIKit";
			};
			name = Debug;
		};
		D092958F29F4066100D1DFFC /* Release */ = {
			isa = XCBuildConfiguration;
			buildSettings = {
				ALWAYS_EMBED_SWIFT_STANDARD_LIBRARIES = YES;
				BUNDLE_LOADER = "$(TEST_HOST)";
				CODE_SIGN_STYLE = Automatic;
				CURRENT_PROJECT_VERSION = 1;
				GENERATE_INFOPLIST_FILE = YES;
				IPHONEOS_DEPLOYMENT_TARGET = 16.2;
				MARKETING_VERSION = 1.0;
				PRODUCT_BUNDLE_IDENTIFIER = com.leoho.gdsc.BMIWithUIKitTests;
				PRODUCT_NAME = "$(TARGET_NAME)";
				SWIFT_EMIT_LOC_STRINGS = NO;
				SWIFT_VERSION = 5.0;
				TARGETED_DEVICE_FAMILY = "1,2";
				TEST_HOST = "$(BUILT_PRODUCTS_DIR)/BMIWithUIKit.app/$(BUNDLE_EXECUTABLE_FOLDER_PATH)/BMIWithUIKit";
			};
			name = Release;
		};
		D092959129F4066100D1DFFC /* Debug */ = {
			isa = XCBuildConfiguration;
			buildSettings = {
				ALWAYS_EMBED_SWIFT_STANDARD_LIBRARIES = YES;
				CODE_SIGN_STYLE = Automatic;
				CURRENT_PROJECT_VERSION = 1;
				GENERATE_INFOPLIST_FILE = YES;
				MARKETING_VERSION = 1.0;
				PRODUCT_BUNDLE_IDENTIFIER = com.leoho.gdsc.BMIWithUIKitUITests;
				PRODUCT_NAME = "$(TARGET_NAME)";
				SWIFT_EMIT_LOC_STRINGS = NO;
				SWIFT_VERSION = 5.0;
				TARGETED_DEVICE_FAMILY = "1,2";
				TEST_TARGET_NAME = BMIWithUIKit;
			};
			name = Debug;
		};
		D092959229F4066100D1DFFC /* Release */ = {
			isa = XCBuildConfiguration;
			buildSettings = {
				ALWAYS_EMBED_SWIFT_STANDARD_LIBRARIES = YES;
				CODE_SIGN_STYLE = Automatic;
				CURRENT_PROJECT_VERSION = 1;
				GENERATE_INFOPLIST_FILE = YES;
				MARKETING_VERSION = 1.0;
				PRODUCT_BUNDLE_IDENTIFIER = com.leoho.gdsc.BMIWithUIKitUITests;
				PRODUCT_NAME = "$(TARGET_NAME)";
				SWIFT_EMIT_LOC_STRINGS = NO;
				SWIFT_VERSION = 5.0;
				TARGETED_DEVICE_FAMILY = "1,2";
				TEST_TARGET_NAME = BMIWithUIKit;
			};
			name = Release;
		};
/* End XCBuildConfiguration section */

/* Begin XCConfigurationList section */
		D092955B29F4065F00D1DFFC /* Build configuration list for PBXProject "BMIWithUIKit" */ = {
			isa = XCConfigurationList;
			buildConfigurations = (
				D092958829F4066100D1DFFC /* Debug */,
				D092958929F4066100D1DFFC /* Release */,
			);
			defaultConfigurationIsVisible = 0;
			defaultConfigurationName = Release;
		};
		D092958A29F4066100D1DFFC /* Build configuration list for PBXNativeTarget "BMIWithUIKit" */ = {
			isa = XCConfigurationList;
			buildConfigurations = (
				D092958B29F4066100D1DFFC /* Debug */,
				D092958C29F4066100D1DFFC /* Release */,
			);
			defaultConfigurationIsVisible = 0;
			defaultConfigurationName = Release;
		};
		D092958D29F4066100D1DFFC /* Build configuration list for PBXNativeTarget "BMIWithUIKitTests" */ = {
			isa = XCConfigurationList;
			buildConfigurations = (
				D092958E29F4066100D1DFFC /* Debug */,
				D092958F29F4066100D1DFFC /* Release */,
			);
			defaultConfigurationIsVisible = 0;
			defaultConfigurationName = Release;
		};
		D092959029F4066100D1DFFC /* Build configuration list for PBXNativeTarget "BMIWithUIKitUITests" */ = {
			isa = XCConfigurationList;
			buildConfigurations = (
				D092959129F4066100D1DFFC /* Debug */,
				D092959229F4066100D1DFFC /* Release */,
			);
			defaultConfigurationIsVisible = 0;
			defaultConfigurationName = Release;
		};
/* End XCConfigurationList section */
	};
	rootObject = D092955829F4065F00D1DFFC /* Project object */;
}
